{
  "version": 4,
  "terraform_version": "1.3.6",
  "serial": 36,
  "lineage": "3781a2cf-f3af-35f7-d96d-7ad4dffea267",
  "outputs": {},
  "resources": [
    {
      "mode": "data",
      "type": "openstack_networking_network_v2",
      "name": "public",
      "provider": "provider[\"registry.terraform.io/terraform-providers/openstack\"]",
      "instances": [
        {
          "schema_version": 0,
          "attributes": {
            "admin_state_up": "true",
            "all_tags": [],
            "availability_zone_hints": [],
            "description": "Network to expose floating IPs",
            "dns_domain": "",
            "external": true,
            "id": "038e7eda-28e0-4637-8690-7e6faf20486f",
            "matching_subnet_cidr": null,
            "mtu": 1500,
            "name": "public",
            "network_id": null,
            "region": "",
            "shared": "false",
            "status": null,
            "subnets": [
              "188dd554-f208-4ce9-b63d-1cebf81a75ee"
            ],
            "tags": null,
            "tenant_id": "5f0912513b984a24b4e412a407fcd32c",
            "transparent_vlan": false
          },
          "sensitive_attributes": []
        }
      ]
    },
    {
      "mode": "managed",
      "type": "openstack_compute_floatingip_associate_v2",
      "name": "fip_1",
      "provider": "provider[\"registry.terraform.io/terraform-providers/openstack\"]",
      "instances": [
        {
          "schema_version": 0,
          "attributes": {
            "fixed_ip": "",
            "floating_ip": "10.190.48.150",
            "id": "10.190.48.150/34a47463-ef34-46b4-b6b3-2154301474b8/",
            "instance_id": "34a47463-ef34-46b4-b6b3-2154301474b8",
            "region": "",
            "timeouts": null,
            "wait_until_associated": null
          },
          "sensitive_attributes": [],
          "private": "eyJlMmJmYjczMC1lY2FhLTExZTYtOGY4OC0zNDM2M2JjN2M0YzAiOnsiY3JlYXRlIjo2MDAwMDAwMDAwMDB9fQ==",
          "dependencies": [
            "openstack_compute_instance_v2.instance",
            "openstack_networking_floatingip_v2.float_ip_1",
            "openstack_networking_network_v2.network",
            "openstack_networking_secgroup_v2.mygroup"
          ]
        }
      ]
    },
    {
      "mode": "managed",
      "type": "openstack_compute_instance_v2",
      "name": "instance",
      "provider": "provider[\"registry.terraform.io/terraform-providers/openstack\"]",
      "instances": [
        {
          "schema_version": 0,
          "attributes": {
            "access_ip_v4": "192.168.1.29",
            "access_ip_v6": "",
            "admin_pass": null,
            "all_metadata": {},
            "all_tags": [],
            "availability_zone": "iaas",
            "availability_zone_hints": null,
            "block_device": [],
            "config_drive": null,
            "created": "2023-01-24 14:35:17 +0000 UTC",
            "flavor_id": "e3beef97-0503-40a0-b0fa-22e6e73d4a06",
            "flavor_name": "v2.m4.d10",
            "floating_ip": null,
            "force_delete": false,
            "id": "34a47463-ef34-46b4-b6b3-2154301474b8",
            "image_id": "375ed21c-0c1e-45b8-8c83-a5556adcfff9",
            "image_name": "be-ys-debian11",
            "key_pair": "",
            "metadata": null,
            "name": "instance",
            "network": [
              {
                "access_network": false,
                "fixed_ip_v4": "192.168.1.29",
                "fixed_ip_v6": "",
                "floating_ip": "",
                "mac": "fa:16:3e:e5:68:b8",
                "name": "my-network",
                "port": "",
                "uuid": "f8a58b07-a1f9-4d0e-8547-f7b3fbae1e83"
              }
            ],
            "network_mode": null,
            "personality": [],
            "power_state": "active",
            "region": "",
            "scheduler_hints": [],
            "security_groups": [
              "default",
              "ssh"
            ],
            "stop_before_destroy": false,
            "tags": [],
            "timeouts": null,
            "updated": "2023-01-24 14:35:31 +0000 UTC",
            "user_data": "60006d7279008468f3ebfc1abd2a9e3d227ef4c9",
            "vendor_options": [],
            "volume": []
          },
          "sensitive_attributes": [],
          "private": "eyJlMmJmYjczMC1lY2FhLTExZTYtOGY4OC0zNDM2M2JjN2M0YzAiOnsiY3JlYXRlIjoxODAwMDAwMDAwMDAwLCJkZWxldGUiOjE4MDAwMDAwMDAwMDAsInVwZGF0ZSI6MTgwMDAwMDAwMDAwMH19",
          "dependencies": [
            "openstack_networking_network_v2.network",
            "openstack_networking_secgroup_v2.mygroup"
          ]
        }
      ]
    },
    {
      "mode": "managed",
      "type": "openstack_networking_floatingip_v2",
      "name": "float_ip_1",
      "provider": "provider[\"registry.terraform.io/terraform-providers/openstack\"]",
      "instances": [
        {
          "schema_version": 0,
          "attributes": {
            "address": "10.190.48.150",
            "all_tags": [],
            "description": "",
            "dns_domain": "",
            "dns_name": "",
            "fixed_ip": "192.168.1.29",
            "id": "71f7c91a-88ca-421d-8237-8188fa3111ca",
            "pool": "public",
            "port_id": "41280bea-1f34-4b0f-9c9d-590b80953e43",
            "region": "",
            "subnet_id": null,
            "subnet_ids": null,
            "tags": [],
            "tenant_id": "505babaf53c948e2afad05b41067ca27",
            "timeouts": null,
            "value_specs": null
          },
          "sensitive_attributes": [],
          "private": "eyJlMmJmYjczMC1lY2FhLTExZTYtOGY4OC0zNDM2M2JjN2M0YzAiOnsiY3JlYXRlIjo2MDAwMDAwMDAwMDAsImRlbGV0ZSI6NjAwMDAwMDAwMDAwfX0="
        }
      ]
    },
    {
      "mode": "managed",
      "type": "openstack_networking_network_v2",
      "name": "network",
      "provider": "provider[\"registry.terraform.io/terraform-providers/openstack\"]",
      "instances": [
        {
          "schema_version": 0,
          "attributes": {
            "admin_state_up": true,
            "all_tags": [],
            "availability_zone_hints": [],
            "description": "",
            "dns_domain": "",
            "external": false,
            "id": "f8a58b07-a1f9-4d0e-8547-f7b3fbae1e83",
            "mtu": 8950,
            "name": "my-network",
            "port_security_enabled": false,
            "qos_policy_id": "",
            "region": "",
            "segments": [],
            "shared": false,
            "tags": [],
            "tenant_id": "505babaf53c948e2afad05b41067ca27",
            "timeouts": null,
            "transparent_vlan": false,
            "value_specs": null
          },
          "sensitive_attributes": [],
          "private": "eyJlMmJmYjczMC1lY2FhLTExZTYtOGY4OC0zNDM2M2JjN2M0YzAiOnsiY3JlYXRlIjo2MDAwMDAwMDAwMDAsImRlbGV0ZSI6NjAwMDAwMDAwMDAwfX0="
        }
      ]
    },
    {
      "mode": "managed",
      "type": "openstack_networking_router_interface_v2",
      "name": "interface",
      "provider": "provider[\"registry.terraform.io/terraform-providers/openstack\"]",
      "instances": [
        {
          "schema_version": 0,
          "attributes": {
            "id": "a77fb130-cf48-4142-8986-aab88080b864",
            "port_id": "a77fb130-cf48-4142-8986-aab88080b864",
            "region": "",
            "router_id": "11e5fdb2-0f76-4808-b401-65c67f6f32b6",
            "subnet_id": "9dd6ea61-b004-4352-929e-0bcc9698d034",
            "timeouts": null
          },
          "sensitive_attributes": [],
          "private": "eyJlMmJmYjczMC1lY2FhLTExZTYtOGY4OC0zNDM2M2JjN2M0YzAiOnsiY3JlYXRlIjo2MDAwMDAwMDAwMDAsImRlbGV0ZSI6NjAwMDAwMDAwMDAwfX0=",
          "dependencies": [
            "data.openstack_networking_network_v2.public",
            "openstack_networking_network_v2.network",
            "openstack_networking_router_v2.global",
            "openstack_networking_subnet_v2.subnet"
          ]
        }
      ]
    },
    {
      "mode": "managed",
      "type": "openstack_networking_router_v2",
      "name": "global",
      "provider": "provider[\"registry.terraform.io/terraform-providers/openstack\"]",
      "instances": [
        {
          "schema_version": 0,
          "attributes": {
            "admin_state_up": true,
            "all_tags": [],
            "availability_zone_hints": [],
            "description": "",
            "distributed": false,
            "enable_snat": true,
            "external_fixed_ip": [
              {
                "ip_address": "10.190.48.201",
                "subnet_id": "188dd554-f208-4ce9-b63d-1cebf81a75ee"
              }
            ],
            "external_gateway": "038e7eda-28e0-4637-8690-7e6faf20486f",
            "external_network_id": "038e7eda-28e0-4637-8690-7e6faf20486f",
            "external_subnet_ids": null,
            "id": "11e5fdb2-0f76-4808-b401-65c67f6f32b6",
            "name": "global",
            "region": "",
            "tags": [],
            "tenant_id": "505babaf53c948e2afad05b41067ca27",
            "timeouts": null,
            "value_specs": null,
            "vendor_options": []
          },
          "sensitive_attributes": [],
          "private": "eyJlMmJmYjczMC1lY2FhLTExZTYtOGY4OC0zNDM2M2JjN2M0YzAiOnsiY3JlYXRlIjo2MDAwMDAwMDAwMDAsImRlbGV0ZSI6NjAwMDAwMDAwMDAwfX0=",
          "dependencies": [
            "data.openstack_networking_network_v2.public"
          ]
        }
      ]
    },
    {
      "mode": "managed",
      "type": "openstack_networking_secgroup_rule_v2",
      "name": "ssh",
      "provider": "provider[\"registry.terraform.io/terraform-providers/openstack\"]",
      "instances": [
        {
          "schema_version": 0,
          "attributes": {
            "description": "",
            "direction": "ingress",
            "ethertype": "IPv4",
            "id": "4be0bebe-c316-4a1d-8a5b-fa8bd69a3f8e",
            "port_range_max": 22,
            "port_range_min": 22,
            "protocol": "tcp",
            "region": "",
            "remote_group_id": "",
            "remote_ip_prefix": "0.0.0.0/0",
            "security_group_id": "0acd49fe-a5bc-4e6b-9252-1e726a8e9515",
            "tenant_id": "505babaf53c948e2afad05b41067ca27",
            "timeouts": null
          },
          "sensitive_attributes": [],
          "private": "eyJlMmJmYjczMC1lY2FhLTExZTYtOGY4OC0zNDM2M2JjN2M0YzAiOnsiZGVsZXRlIjo2MDAwMDAwMDAwMDB9fQ==",
          "dependencies": [
            "openstack_networking_secgroup_v2.mygroup"
          ]
        }
      ]
    },
    {
      "mode": "managed",
      "type": "openstack_networking_secgroup_v2",
      "name": "mygroup",
      "provider": "provider[\"registry.terraform.io/terraform-providers/openstack\"]",
      "instances": [
        {
          "schema_version": 0,
          "attributes": {
            "all_tags": [],
            "delete_default_rules": null,
            "description": "",
            "id": "0acd49fe-a5bc-4e6b-9252-1e726a8e9515",
            "name": "ssh",
            "region": "",
            "tags": null,
            "tenant_id": "505babaf53c948e2afad05b41067ca27",
            "timeouts": null
          },
          "sensitive_attributes": [],
          "private": "eyJlMmJmYjczMC1lY2FhLTExZTYtOGY4OC0zNDM2M2JjN2M0YzAiOnsiZGVsZXRlIjo2MDAwMDAwMDAwMDB9fQ=="
        }
      ]
    },
    {
      "mode": "managed",
      "type": "openstack_networking_subnet_v2",
      "name": "subnet",
      "provider": "provider[\"registry.terraform.io/terraform-providers/openstack\"]",
      "instances": [
        {
          "schema_version": 0,
          "attributes": {
            "all_tags": [],
            "allocation_pool": [
              {
                "end": "192.168.1.254",
                "start": "192.168.1.2"
              }
            ],
            "allocation_pools": [
              {
                "end": "192.168.1.254",
                "start": "192.168.1.2"
              }
            ],
            "cidr": "192.168.1.0/24",
            "description": "",
            "dns_nameservers": [],
            "enable_dhcp": true,
            "gateway_ip": "192.168.1.1",
            "host_routes": [],
            "id": "9dd6ea61-b004-4352-929e-0bcc9698d034",
            "ip_version": 4,
            "ipv6_address_mode": "",
            "ipv6_ra_mode": "",
            "name": "my-network-subnet",
            "network_id": "f8a58b07-a1f9-4d0e-8547-f7b3fbae1e83",
            "no_gateway": false,
            "prefix_length": null,
            "region": "",
            "service_types": [],
            "subnetpool_id": "",
            "tags": [],
            "tenant_id": "505babaf53c948e2afad05b41067ca27",
            "timeouts": null,
            "value_specs": null
          },
          "sensitive_attributes": [],
          "private": "eyJlMmJmYjczMC1lY2FhLTExZTYtOGY4OC0zNDM2M2JjN2M0YzAiOnsiY3JlYXRlIjo2MDAwMDAwMDAwMDAsImRlbGV0ZSI6NjAwMDAwMDAwMDAwfX0=",
          "dependencies": [
            "openstack_networking_network_v2.network"
          ]
        }
      ]
    }
  ],
  "check_results": null
}
